
Microsoft Visual Studio Solution File, Format Version 12.00
# Visual Studio Version 17
VisualStudioVersion = 17.8.34511.84
MinimumVisualStudioVersion = 10.0.40219.1
Project("{FAE04EC0-301F-11D3-BF4B-00C04F79EFBC}") = "Quiiz Game", "Quiiz Game\Quiiz Game.csproj", "{81ECE0A6-81DF-4640-A585-EBE874E0ABFB}"
EndProject
Global
	GlobalSection(SolutionConfigurationPlatforms) = preSolution
		Debug|Any CPU = Debug|Any CPU
		Release|Any CPU = Release|Any CPU
	EndGlobalSection
	GlobalSection(ProjectConfigurationPlatforms) = postSolution
		{81ECE0A6-81DF-4640-A585-EBE874E0ABFB}.Debug|Any CPU.ActiveCfg = Debug|Any CPU
		{81ECE0A6-81DF-4640-A585-EBE874E0ABFB}.Debug|Any CPU.Build.0 = Debug|Any CPU
		{81ECE0A6-81DF-4640-A585-EBE874E0ABFB}.Release|Any CPU.ActiveCfg = Release|Any CPU
		{81ECE0A6-81DF-4640-A585-EBE874E0ABFB}.Release|Any CPU.Build.0 = Release|Any CPU
	EndGlobalSection
	GlobalSection(SolutionProperties) = preSolution
		HideSolutionNode = FALSE
	EndGlobalSection
	GlobalSection(ExtensibilityGlobals) = postSolution
		SolutionGuid = {AD3AEDDC-0A60-4EF6-845B-C884D024A59E}
	EndGlobalSection
EndGlobal
