
Microsoft Visual Studio Solution File, Format Version 12.00
# Visual Studio Version 17
VisualStudioVersion = 17.14.36327.8 d17.14
MinimumVisualStudioVersion = 10.0.40219.1
Project("{FAE04EC0-301F-11D3-BF4B-00C04F79EFBC}") = "Unit Converter", "Unit Converter\Unit Converter.csproj", "{06AA4702-9951-4AE4-AE46-D7D4D36BC925}"
EndProject
Global
	GlobalSection(SolutionConfigurationPlatforms) = preSolution
		Debug|Any CPU = Debug|Any CPU
		Release|Any CPU = Release|Any CPU
	EndGlobalSection
	GlobalSection(ProjectConfigurationPlatforms) = postSolution
		{06AA4702-9951-4AE4-AE46-D7D4D36BC925}.Debug|Any CPU.ActiveCfg = Debug|Any CPU
		{06AA4702-9951-4AE4-AE46-D7D4D36BC925}.Debug|Any CPU.Build.0 = Debug|Any CPU
		{06AA4702-9951-4AE4-AE46-D7D4D36BC925}.Release|Any CPU.ActiveCfg = Release|Any CPU
		{06AA4702-9951-4AE4-AE46-D7D4D36BC925}.Release|Any CPU.Build.0 = Release|Any CPU
	EndGlobalSection
	GlobalSection(SolutionProperties) = preSolution
		HideSolutionNode = FALSE
	EndGlobalSection
	GlobalSection(ExtensibilityGlobals) = postSolution
		SolutionGuid = {48B6AE38-F7EB-417F-8596-D4F85CBCF07F}
	EndGlobalSection
EndGlobal
